
Microsoft Visual Studio Solution File, Format Version 11.00
# Visual Studio 2010
Project("{54435603-DBB4-11D2-8724-00A0C9A8B90C}") = "TrainControllerDemo", "TrainControllerDemo\TrainControllerDemo.vdproj", "{D0351CE3-395D-43A7-B47D-DE5D52413526}"
EndProject
Project("{FAE04EC0-301F-11D3-BF4B-00C04F79EFBC}") = "TrainOperatorGUI", "..\bazinga19\Bazinga1186\Installers\TrainOperatorGUI\TrainOperatorGUI\TrainOperatorGUI.csproj", "{19C7B4BF-61B7-4583-8F7F-FE5B709AB5C8}"
EndProject
Global
	GlobalSection(SolutionConfigurationPlatforms) = preSolution
		Debug|x86 = Debug|x86
		Release|x86 = Release|x86
	EndGlobalSection
	GlobalSection(ProjectConfigurationPlatforms) = postSolution
		{D0351CE3-395D-43A7-B47D-DE5D52413526}.Debug|x86.ActiveCfg = Debug
		{D0351CE3-395D-43A7-B47D-DE5D52413526}.Debug|x86.Build.0 = Debug
		{D0351CE3-395D-43A7-B47D-DE5D52413526}.Release|x86.ActiveCfg = Release
		{D0351CE3-395D-43A7-B47D-DE5D52413526}.Release|x86.Build.0 = Release
		{19C7B4BF-61B7-4583-8F7F-FE5B709AB5C8}.Debug|x86.ActiveCfg = Debug|x86
		{19C7B4BF-61B7-4583-8F7F-FE5B709AB5C8}.Debug|x86.Build.0 = Debug|x86
		{19C7B4BF-61B7-4583-8F7F-FE5B709AB5C8}.Release|x86.ActiveCfg = Release|x86
		{19C7B4BF-61B7-4583-8F7F-FE5B709AB5C8}.Release|x86.Build.0 = Release|x86
	EndGlobalSection
	GlobalSection(SolutionProperties) = preSolution
		HideSolutionNode = FALSE
	EndGlobalSection
EndGlobal
